# THIS IS AN AUTOGENERATED FILE. DO NOT EDIT THIS FILE DIRECTLY.
# yarn lockfile v1


"@zdoctor/web@0.0.1":
  version "0.0.1"
  dependencies:
    "@types/react-native" "^0.62.0"
    react "16.11.0"
    react-art "16.11.0"
    react-dom "16.11.0"
    react-native "0.62.0"
    react-native-web "0.12.1"
    react-router-dom "^5.1.2"
    react-scripts "3.4.1"